{
  "version": 4,
  "terraform_version": "1.3.1",
  "serial": 65,
  "lineage": "e4f83373-6411-fea5-53c5-b4ce854a1a48",
  "outputs": {
    "SubnetA-ID": {
      "value": "/subscriptions/9ea687dd-8c83-4b91-8591-34cb80a6d220/resourceGroups/ramch-rg1/providers/Microsoft.Network/virtualNetworks/ram-vnet/subnets/SubnetA",
      "type": "string"
    },
    "public-ip": {
      "value": "/subscriptions/9ea687dd-8c83-4b91-8591-34cb80a6d220/resourceGroups/ramch-rg1/providers/Microsoft.Network/publicIPAddresses/app-public-ip",
      "type": "string"
    }
  },
  "resources": [
    {
      "mode": "managed",
      "type": "azurerm_network_interface",
      "name": "appinterface",
      "provider": "provider[\"registry.terraform.io/hashicorp/azurerm\"]",
      "instances": [
        {
          "schema_version": 0,
          "attributes": {
            "applied_dns_servers": [],
            "dns_servers": [],
            "edge_zone": "",
            "enable_accelerated_networking": false,
            "enable_ip_forwarding": false,
            "id": "/subscriptions/9ea687dd-8c83-4b91-8591-34cb80a6d220/resourceGroups/ramch-rg1/providers/Microsoft.Network/networkInterfaces/app-interface",
            "internal_dns_name_label": "",
            "internal_domain_name_suffix": "dp4us31naelutjghidcdqrbgpf.tx.internal.cloudapp.net",
            "ip_configuration": [
              {
                "gateway_load_balancer_frontend_ip_configuration_id": "",
                "name": "app-interface",
                "primary": true,
                "private_ip_address": "10.0.1.4",
                "private_ip_address_allocation": "Dynamic",
                "private_ip_address_version": "IPv4",
                "public_ip_address_id": "/subscriptions/9ea687dd-8c83-4b91-8591-34cb80a6d220/resourceGroups/ramch-rg1/providers/Microsoft.Network/publicIPAddresses/app-public-ip",
                "subnet_id": "/subscriptions/9ea687dd-8c83-4b91-8591-34cb80a6d220/resourceGroups/ramch-rg1/providers/Microsoft.Network/virtualNetworks/ram-vnet/subnets/SubnetA"
              }
            ],
            "location": "southindia",
            "mac_address": "",
            "name": "app-interface",
            "private_ip_address": "10.0.1.4",
            "private_ip_addresses": [
              "10.0.1.4"
            ],
            "resource_group_name": "ramch-rg1",
            "tags": null,
            "timeouts": null,
            "virtual_machine_id": ""
          },
          "sensitive_attributes": [],
          "private": "eyJlMmJmYjczMC1lY2FhLTExZTYtOGY4OC0zNDM2M2JjN2M0YzAiOnsiY3JlYXRlIjoxODAwMDAwMDAwMDAwLCJkZWxldGUiOjE4MDAwMDAwMDAwMDAsInJlYWQiOjMwMDAwMDAwMDAwMCwidXBkYXRlIjoxODAwMDAwMDAwMDAwfX0=",
          "dependencies": [
            "azurerm_public_ip.apppublicip",
            "azurerm_resource_group.ramchrg1",
            "azurerm_subnet.subnetA",
            "azurerm_virtual_network.ramvnet"
          ]
        }
      ]
    },
    {
      "mode": "managed",
      "type": "azurerm_public_ip",
      "name": "apppublicip",
      "provider": "provider[\"registry.terraform.io/hashicorp/azurerm\"]",
      "instances": [
        {
          "schema_version": 0,
          "attributes": {
            "allocation_method": "Static",
            "domain_name_label": null,
            "edge_zone": "",
            "fqdn": null,
            "id": "/subscriptions/9ea687dd-8c83-4b91-8591-34cb80a6d220/resourceGroups/ramch-rg1/providers/Microsoft.Network/publicIPAddresses/app-public-ip",
            "idle_timeout_in_minutes": 4,
            "ip_address": "13.71.126.71",
            "ip_tags": null,
            "ip_version": "IPv4",
            "location": "southindia",
            "name": "app-public-ip",
            "public_ip_prefix_id": null,
            "resource_group_name": "ramch-rg1",
            "reverse_fqdn": null,
            "sku": "Basic",
            "sku_tier": "Regional",
            "tags": null,
            "timeouts": null,
            "zones": null
          },
          "sensitive_attributes": [],
          "private": "eyJlMmJmYjczMC1lY2FhLTExZTYtOGY4OC0zNDM2M2JjN2M0YzAiOnsiY3JlYXRlIjoxODAwMDAwMDAwMDAwLCJkZWxldGUiOjE4MDAwMDAwMDAwMDAsInJlYWQiOjMwMDAwMDAwMDAwMCwidXBkYXRlIjoxODAwMDAwMDAwMDAwfX0=",
          "dependencies": [
            "azurerm_resource_group.ramchrg1"
          ]
        }
      ]
    },
    {
      "mode": "managed",
      "type": "azurerm_resource_group",
      "name": "ramchrg1",
      "provider": "provider[\"registry.terraform.io/hashicorp/azurerm\"]",
      "instances": [
        {
          "schema_version": 0,
          "attributes": {
            "id": "/subscriptions/9ea687dd-8c83-4b91-8591-34cb80a6d220/resourceGroups/ramch-rg1",
            "location": "southindia",
            "name": "ramch-rg1",
            "tags": null,
            "timeouts": null
          },
          "sensitive_attributes": [],
          "private": "eyJlMmJmYjczMC1lY2FhLTExZTYtOGY4OC0zNDM2M2JjN2M0YzAiOnsiY3JlYXRlIjo1NDAwMDAwMDAwMDAwLCJkZWxldGUiOjU0MDAwMDAwMDAwMDAsInJlYWQiOjMwMDAwMDAwMDAwMCwidXBkYXRlIjo1NDAwMDAwMDAwMDAwfX0="
        }
      ]
    },
    {
      "mode": "managed",
      "type": "azurerm_subnet",
      "name": "subnetA",
      "provider": "provider[\"registry.terraform.io/hashicorp/azurerm\"]",
      "instances": [
        {
          "schema_version": 0,
          "attributes": {
            "address_prefixes": [
              "10.0.1.0/24"
            ],
            "delegation": [],
            "enforce_private_link_endpoint_network_policies": false,
            "enforce_private_link_service_network_policies": false,
            "id": "/subscriptions/9ea687dd-8c83-4b91-8591-34cb80a6d220/resourceGroups/ramch-rg1/providers/Microsoft.Network/virtualNetworks/ram-vnet/subnets/SubnetA",
            "name": "SubnetA",
            "private_endpoint_network_policies_enabled": true,
            "private_link_service_network_policies_enabled": true,
            "resource_group_name": "ramch-rg1",
            "service_endpoint_policy_ids": null,
            "service_endpoints": null,
            "timeouts": null,
            "virtual_network_name": "ram-vnet"
          },
          "sensitive_attributes": [],
          "private": "eyJlMmJmYjczMC1lY2FhLTExZTYtOGY4OC0zNDM2M2JjN2M0YzAiOnsiY3JlYXRlIjoxODAwMDAwMDAwMDAwLCJkZWxldGUiOjE4MDAwMDAwMDAwMDAsInJlYWQiOjMwMDAwMDAwMDAwMCwidXBkYXRlIjoxODAwMDAwMDAwMDAwfX0=",
          "dependencies": [
            "azurerm_resource_group.ramchrg1",
            "azurerm_virtual_network.ramvnet"
          ]
        }
      ]
    },
    {
      "mode": "managed",
      "type": "azurerm_subnet",
      "name": "subnetB",
      "provider": "provider[\"registry.terraform.io/hashicorp/azurerm\"]",
      "instances": [
        {
          "schema_version": 0,
          "attributes": {
            "address_prefixes": [
              "10.0.2.0/24"
            ],
            "delegation": [],
            "enforce_private_link_endpoint_network_policies": false,
            "enforce_private_link_service_network_policies": false,
            "id": "/subscriptions/9ea687dd-8c83-4b91-8591-34cb80a6d220/resourceGroups/ramch-rg1/providers/Microsoft.Network/virtualNetworks/ram-vnet/subnets/SubnetB",
            "name": "SubnetB",
            "private_endpoint_network_policies_enabled": true,
            "private_link_service_network_policies_enabled": true,
            "resource_group_name": "ramch-rg1",
            "service_endpoint_policy_ids": null,
            "service_endpoints": null,
            "timeouts": null,
            "virtual_network_name": "ram-vnet"
          },
          "sensitive_attributes": [],
          "private": "eyJlMmJmYjczMC1lY2FhLTExZTYtOGY4OC0zNDM2M2JjN2M0YzAiOnsiY3JlYXRlIjoxODAwMDAwMDAwMDAwLCJkZWxldGUiOjE4MDAwMDAwMDAwMDAsInJlYWQiOjMwMDAwMDAwMDAwMCwidXBkYXRlIjoxODAwMDAwMDAwMDAwfX0=",
          "dependencies": [
            "azurerm_resource_group.ramchrg1",
            "azurerm_virtual_network.ramvnet"
          ]
        }
      ]
    },
    {
      "mode": "managed",
      "type": "azurerm_virtual_network",
      "name": "ramvnet",
      "provider": "provider[\"registry.terraform.io/hashicorp/azurerm\"]",
      "instances": [
        {
          "schema_version": 0,
          "attributes": {
            "address_space": [
              "10.0.0.0/16"
            ],
            "bgp_community": "",
            "ddos_protection_plan": [],
            "dns_servers": [],
            "edge_zone": "",
            "flow_timeout_in_minutes": 0,
            "guid": "7749fd1b-016d-4917-a4c7-40c43844267d",
            "id": "/subscriptions/9ea687dd-8c83-4b91-8591-34cb80a6d220/resourceGroups/ramch-rg1/providers/Microsoft.Network/virtualNetworks/ram-vnet",
            "location": "southindia",
            "name": "ram-vnet",
            "resource_group_name": "ramch-rg1",
            "subnet": [],
            "tags": null,
            "timeouts": null
          },
          "sensitive_attributes": [],
          "private": "eyJlMmJmYjczMC1lY2FhLTExZTYtOGY4OC0zNDM2M2JjN2M0YzAiOnsiY3JlYXRlIjoxODAwMDAwMDAwMDAwLCJkZWxldGUiOjE4MDAwMDAwMDAwMDAsInJlYWQiOjMwMDAwMDAwMDAwMCwidXBkYXRlIjoxODAwMDAwMDAwMDAwfX0=",
          "dependencies": [
            "azurerm_resource_group.ramchrg1"
          ]
        }
      ]
    }
  ],
  "check_results": []
}
