{
  "version": 4,
  "terraform_version": "1.3.1",
  "serial": 99,
  "lineage": "e4f83373-6411-fea5-53c5-b4ce854a1a48",
  "outputs": {
    "azurenetwork-id": {
      "value": "/subscriptions/9ea687dd-8c83-4b91-8591-34cb80a6d220/resourceGroups/rg1-ram/providers/Microsoft.Network/virtualNetworks/ram-vnet",
      "type": "string"
    },
    "nic-id": {
      "value": "/subscriptions/9ea687dd-8c83-4b91-8591-34cb80a6d220/resourceGroups/rg1-ram/providers/Microsoft.Network/networkInterfaces/ram-nic",
      "type": "string"
    },
    "nsg-id": {
      "value": "/subscriptions/9ea687dd-8c83-4b91-8591-34cb80a6d220/resourceGroups/rg1-ram/providers/Microsoft.Network/networkSecurityGroups/nsg-ram",
      "type": "string"
    },
    "public-ip-id": {
      "value": "/subscriptions/9ea687dd-8c83-4b91-8591-34cb80a6d220/resourceGroups/rg1-ram/providers/Microsoft.Network/publicIPAddresses/app-publicip",
      "type": "string"
    },
    "rg-id": {
      "value": "/subscriptions/9ea687dd-8c83-4b91-8591-34cb80a6d220/resourceGroups/rg1-ram",
      "type": "string"
    },
    "subnetA-id": {
      "value": "/subscriptions/9ea687dd-8c83-4b91-8591-34cb80a6d220/resourceGroups/rg1-ram/providers/Microsoft.Network/virtualNetworks/ram-vnet/subnets/SubnetA",
      "type": "string"
    },
    "subnetB-id": {
      "value": "/subscriptions/9ea687dd-8c83-4b91-8591-34cb80a6d220/resourceGroups/rg1-ram/providers/Microsoft.Network/virtualNetworks/ram-vnet/subnets/SubnetB",
      "type": "string"
    }
  },
  "resources": [
    {
      "mode": "managed",
      "type": "azurerm_linux_virtual_machine",
      "name": "vm1test",
      "provider": "provider[\"registry.terraform.io/hashicorp/azurerm\"]",
      "instances": [
        {
          "schema_version": 0,
          "attributes": {
            "additional_capabilities": [],
            "admin_password": null,
            "admin_ssh_key": [
              {
                "public_key": "ssh-rsa AAAAB3NzaC1yc2EAAAADAQABAAABgQDH6/EJp/mUSwCUy0fdNSzbYZ0yhTNSvLBUU+gnR5LL2cHkInKBWKfs1D5HxssOaTrBn8xKZnxTXqvBj/LY2ekOCe1EXCOLoLPNL5dE/vBJSdHZjKq0lFOJt5nmckSBYa8v3OEDSNkHtfsOu30eD1Z948/V0MlkNo7SBxB8V0DnxR84iT959nUP2uDeUL/GORxi8ouwSB0ajnwxfeS09aX7zvslJlx/k/LXjCvlx66wBc8Gkh6wDiLBgiZeC0Fh8V07ao/yZEgOoRVBNAlMphfXKOOwGipTRUAGFRtEvez2YqSRNiESlkiXJ8y99h8049vvU0Rab5vWiMB/8so1S9iFadQRdmMpYjYu5+AjRkHpmxZGhPw4MmUkU5RzCC7sUxhSsgfYgqfqWCvjC14eJWJ5St+JLp7CZWiqUxuTSoAkbxODSIqARbo5RnH7Lahbe/q0rYihKALG8lUkEhgwqtgeKb0/02ET3NxhGOL2rCKwiv8WlE8N08VySec9l9lTuRM= ramcheekoti@Rams-MacBook-Pro.local\n",
                "username": "adminuser"
              }
            ],
            "admin_username": "adminuser",
            "allow_extension_operations": true,
            "availability_set_id": "",
            "boot_diagnostics": [],
            "capacity_reservation_group_id": "",
            "computer_name": "vm1-test",
            "custom_data": null,
            "dedicated_host_group_id": "",
            "dedicated_host_id": "",
            "disable_password_authentication": true,
            "edge_zone": "",
            "encryption_at_host_enabled": false,
            "eviction_policy": "",
            "extensions_time_budget": "PT1H30M",
            "gallery_application": [],
            "id": "/subscriptions/9ea687dd-8c83-4b91-8591-34cb80a6d220/resourceGroups/rg1-ram/providers/Microsoft.Compute/virtualMachines/vm1-test",
            "identity": [],
            "license_type": "",
            "location": "southindia",
            "max_bid_price": -1,
            "name": "vm1-test",
            "network_interface_ids": [
              "/subscriptions/9ea687dd-8c83-4b91-8591-34cb80a6d220/resourceGroups/rg1-ram/providers/Microsoft.Network/networkInterfaces/ram-nic"
            ],
            "os_disk": [
              {
                "caching": "ReadWrite",
                "diff_disk_settings": [],
                "disk_encryption_set_id": "",
                "disk_size_gb": 30,
                "name": "vm1-test_OsDisk_1_79eb3b3bbb524df7a2f39932f1d23a6a",
                "secure_vm_disk_encryption_set_id": "",
                "security_encryption_type": "",
                "storage_account_type": "Standard_LRS",
                "write_accelerator_enabled": false
              }
            ],
            "patch_assessment_mode": "ImageDefault",
            "patch_mode": "ImageDefault",
            "plan": [],
            "platform_fault_domain": -1,
            "priority": "Regular",
            "private_ip_address": "10.0.1.4",
            "private_ip_addresses": [
              "10.0.1.4"
            ],
            "provision_vm_agent": true,
            "proximity_placement_group_id": "",
            "public_ip_address": "52.172.94.42",
            "public_ip_addresses": [
              "52.172.94.42"
            ],
            "resource_group_name": "rg1-ram",
            "secret": [],
            "secure_boot_enabled": false,
            "size": "Standard_F2",
            "source_image_id": "",
            "source_image_reference": [
              {
                "offer": "UbuntuServer",
                "publisher": "Canonical",
                "sku": "16.04-LTS",
                "version": "latest"
              }
            ],
            "tags": {},
            "termination_notification": [],
            "timeouts": null,
            "user_data": "",
            "virtual_machine_id": "e982577f-0bdc-4de3-a71d-d6d90410b9e1",
            "virtual_machine_scale_set_id": "",
            "vtpm_enabled": false,
            "zone": ""
          },
          "sensitive_attributes": [],
          "private": "eyJlMmJmYjczMC1lY2FhLTExZTYtOGY4OC0zNDM2M2JjN2M0YzAiOnsiY3JlYXRlIjoyNzAwMDAwMDAwMDAwLCJkZWxldGUiOjI3MDAwMDAwMDAwMDAsInJlYWQiOjMwMDAwMDAwMDAwMCwidXBkYXRlIjoyNzAwMDAwMDAwMDAwfX0=",
          "dependencies": [
            "azurerm_network_interface.ramnic",
            "azurerm_public_ip.apppublicip",
            "azurerm_resource_group.rgname",
            "azurerm_subnet.subnetA"
          ]
        }
      ]
    },
    {
      "mode": "managed",
      "type": "azurerm_network_interface",
      "name": "ramnic",
      "provider": "provider[\"registry.terraform.io/hashicorp/azurerm\"]",
      "instances": [
        {
          "schema_version": 0,
          "attributes": {
            "applied_dns_servers": [],
            "dns_servers": [],
            "edge_zone": "",
            "enable_accelerated_networking": false,
            "enable_ip_forwarding": false,
            "id": "/subscriptions/9ea687dd-8c83-4b91-8591-34cb80a6d220/resourceGroups/rg1-ram/providers/Microsoft.Network/networkInterfaces/ram-nic",
            "internal_dns_name_label": "",
            "internal_domain_name_suffix": "hkjbvjmfbyfuvfz1ghqlp2eewc.tx.internal.cloudapp.net",
            "ip_configuration": [
              {
                "gateway_load_balancer_frontend_ip_configuration_id": "",
                "name": "internal",
                "primary": true,
                "private_ip_address": "10.0.1.4",
                "private_ip_address_allocation": "Dynamic",
                "private_ip_address_version": "IPv4",
                "public_ip_address_id": "/subscriptions/9ea687dd-8c83-4b91-8591-34cb80a6d220/resourceGroups/rg1-ram/providers/Microsoft.Network/publicIPAddresses/app-publicip",
                "subnet_id": "/subscriptions/9ea687dd-8c83-4b91-8591-34cb80a6d220/resourceGroups/rg1-ram/providers/Microsoft.Network/virtualNetworks/ram-vnet/subnets/SubnetA"
              }
            ],
            "location": "southindia",
            "mac_address": "00-0D-3A-F2-DA-3C",
            "name": "ram-nic",
            "private_ip_address": "10.0.1.4",
            "private_ip_addresses": [
              "10.0.1.4"
            ],
            "resource_group_name": "rg1-ram",
            "tags": {},
            "timeouts": null,
            "virtual_machine_id": "/subscriptions/9ea687dd-8c83-4b91-8591-34cb80a6d220/resourceGroups/rg1-ram/providers/Microsoft.Compute/virtualMachines/vm1-test"
          },
          "sensitive_attributes": [],
          "private": "eyJlMmJmYjczMC1lY2FhLTExZTYtOGY4OC0zNDM2M2JjN2M0YzAiOnsiY3JlYXRlIjoxODAwMDAwMDAwMDAwLCJkZWxldGUiOjE4MDAwMDAwMDAwMDAsInJlYWQiOjMwMDAwMDAwMDAwMCwidXBkYXRlIjoxODAwMDAwMDAwMDAwfX0=",
          "dependencies": [
            "azurerm_public_ip.apppublicip",
            "azurerm_resource_group.rgname",
            "azurerm_subnet.subnetA"
          ]
        }
      ]
    },
    {
      "mode": "managed",
      "type": "azurerm_network_security_group",
      "name": "nsgram",
      "provider": "provider[\"registry.terraform.io/hashicorp/azurerm\"]",
      "instances": [
        {
          "schema_version": 0,
          "attributes": {
            "id": "/subscriptions/9ea687dd-8c83-4b91-8591-34cb80a6d220/resourceGroups/rg1-ram/providers/Microsoft.Network/networkSecurityGroups/nsg-ram",
            "location": "southindia",
            "name": "nsg-ram",
            "resource_group_name": "rg1-ram",
            "security_rule": [
              {
                "access": "Allow",
                "description": "",
                "destination_address_prefix": "*",
                "destination_address_prefixes": [],
                "destination_application_security_group_ids": [],
                "destination_port_range": "*",
                "destination_port_ranges": [],
                "direction": "Inbound",
                "name": "test123",
                "priority": 100,
                "protocol": "Tcp",
                "source_address_prefix": "*",
                "source_address_prefixes": [],
                "source_application_security_group_ids": [],
                "source_port_range": "*",
                "source_port_ranges": []
              }
            ],
            "tags": {},
            "timeouts": null
          },
          "sensitive_attributes": [],
          "private": "eyJlMmJmYjczMC1lY2FhLTExZTYtOGY4OC0zNDM2M2JjN2M0YzAiOnsiY3JlYXRlIjoxODAwMDAwMDAwMDAwLCJkZWxldGUiOjE4MDAwMDAwMDAwMDAsInJlYWQiOjMwMDAwMDAwMDAwMCwidXBkYXRlIjoxODAwMDAwMDAwMDAwfX0=",
          "dependencies": [
            "azurerm_resource_group.rgname"
          ]
        }
      ]
    },
    {
      "mode": "managed",
      "type": "azurerm_public_ip",
      "name": "apppublicip",
      "provider": "provider[\"registry.terraform.io/hashicorp/azurerm\"]",
      "instances": [
        {
          "schema_version": 0,
          "attributes": {
            "allocation_method": "Static",
            "domain_name_label": null,
            "edge_zone": "",
            "fqdn": null,
            "id": "/subscriptions/9ea687dd-8c83-4b91-8591-34cb80a6d220/resourceGroups/rg1-ram/providers/Microsoft.Network/publicIPAddresses/app-publicip",
            "idle_timeout_in_minutes": 4,
            "ip_address": "52.172.94.42",
            "ip_tags": {},
            "ip_version": "IPv4",
            "location": "southindia",
            "name": "app-publicip",
            "public_ip_prefix_id": null,
            "resource_group_name": "rg1-ram",
            "reverse_fqdn": null,
            "sku": "Basic",
            "sku_tier": "Regional",
            "tags": {},
            "timeouts": null,
            "zones": []
          },
          "sensitive_attributes": [],
          "private": "eyJlMmJmYjczMC1lY2FhLTExZTYtOGY4OC0zNDM2M2JjN2M0YzAiOnsiY3JlYXRlIjoxODAwMDAwMDAwMDAwLCJkZWxldGUiOjE4MDAwMDAwMDAwMDAsInJlYWQiOjMwMDAwMDAwMDAwMCwidXBkYXRlIjoxODAwMDAwMDAwMDAwfX0=",
          "dependencies": [
            "azurerm_resource_group.rgname"
          ]
        }
      ]
    },
    {
      "mode": "managed",
      "type": "azurerm_resource_group",
      "name": "rgname",
      "provider": "provider[\"registry.terraform.io/hashicorp/azurerm\"]",
      "instances": [
        {
          "schema_version": 0,
          "attributes": {
            "id": "/subscriptions/9ea687dd-8c83-4b91-8591-34cb80a6d220/resourceGroups/rg1-ram",
            "location": "southindia",
            "name": "rg1-ram",
            "tags": {},
            "timeouts": null
          },
          "sensitive_attributes": [],
          "private": "eyJlMmJmYjczMC1lY2FhLTExZTYtOGY4OC0zNDM2M2JjN2M0YzAiOnsiY3JlYXRlIjo1NDAwMDAwMDAwMDAwLCJkZWxldGUiOjU0MDAwMDAwMDAwMDAsInJlYWQiOjMwMDAwMDAwMDAwMCwidXBkYXRlIjo1NDAwMDAwMDAwMDAwfX0="
        }
      ]
    },
    {
      "mode": "managed",
      "type": "azurerm_subnet",
      "name": "subnetA",
      "provider": "provider[\"registry.terraform.io/hashicorp/azurerm\"]",
      "instances": [
        {
          "schema_version": 0,
          "attributes": {
            "address_prefixes": [
              "10.0.1.0/24"
            ],
            "delegation": [],
            "enforce_private_link_endpoint_network_policies": false,
            "enforce_private_link_service_network_policies": false,
            "id": "/subscriptions/9ea687dd-8c83-4b91-8591-34cb80a6d220/resourceGroups/rg1-ram/providers/Microsoft.Network/virtualNetworks/ram-vnet/subnets/SubnetA",
            "name": "SubnetA",
            "private_endpoint_network_policies_enabled": true,
            "private_link_service_network_policies_enabled": true,
            "resource_group_name": "rg1-ram",
            "service_endpoint_policy_ids": [],
            "service_endpoints": [],
            "timeouts": null,
            "virtual_network_name": "ram-vnet"
          },
          "sensitive_attributes": [],
          "private": "eyJlMmJmYjczMC1lY2FhLTExZTYtOGY4OC0zNDM2M2JjN2M0YzAiOnsiY3JlYXRlIjoxODAwMDAwMDAwMDAwLCJkZWxldGUiOjE4MDAwMDAwMDAwMDAsInJlYWQiOjMwMDAwMDAwMDAwMCwidXBkYXRlIjoxODAwMDAwMDAwMDAwfX0=",
          "dependencies": [
            "azurerm_resource_group.rgname"
          ]
        }
      ]
    },
    {
      "mode": "managed",
      "type": "azurerm_subnet",
      "name": "subnetB",
      "provider": "provider[\"registry.terraform.io/hashicorp/azurerm\"]",
      "instances": [
        {
          "schema_version": 0,
          "attributes": {
            "address_prefixes": [
              "10.0.2.0/24"
            ],
            "delegation": [],
            "enforce_private_link_endpoint_network_policies": false,
            "enforce_private_link_service_network_policies": false,
            "id": "/subscriptions/9ea687dd-8c83-4b91-8591-34cb80a6d220/resourceGroups/rg1-ram/providers/Microsoft.Network/virtualNetworks/ram-vnet/subnets/SubnetB",
            "name": "SubnetB",
            "private_endpoint_network_policies_enabled": true,
            "private_link_service_network_policies_enabled": true,
            "resource_group_name": "rg1-ram",
            "service_endpoint_policy_ids": [],
            "service_endpoints": [],
            "timeouts": null,
            "virtual_network_name": "ram-vnet"
          },
          "sensitive_attributes": [],
          "private": "eyJlMmJmYjczMC1lY2FhLTExZTYtOGY4OC0zNDM2M2JjN2M0YzAiOnsiY3JlYXRlIjoxODAwMDAwMDAwMDAwLCJkZWxldGUiOjE4MDAwMDAwMDAwMDAsInJlYWQiOjMwMDAwMDAwMDAwMCwidXBkYXRlIjoxODAwMDAwMDAwMDAwfX0=",
          "dependencies": [
            "azurerm_resource_group.rgname"
          ]
        }
      ]
    },
    {
      "mode": "managed",
      "type": "azurerm_subnet_network_security_group_association",
      "name": "example",
      "provider": "provider[\"registry.terraform.io/hashicorp/azurerm\"]",
      "instances": [
        {
          "schema_version": 0,
          "attributes": {
            "id": "/subscriptions/9ea687dd-8c83-4b91-8591-34cb80a6d220/resourceGroups/rg1-ram/providers/Microsoft.Network/virtualNetworks/ram-vnet/subnets/SubnetA",
            "network_security_group_id": "/subscriptions/9ea687dd-8c83-4b91-8591-34cb80a6d220/resourceGroups/rg1-ram/providers/Microsoft.Network/networkSecurityGroups/nsg-ram",
            "subnet_id": "/subscriptions/9ea687dd-8c83-4b91-8591-34cb80a6d220/resourceGroups/rg1-ram/providers/Microsoft.Network/virtualNetworks/ram-vnet/subnets/SubnetA",
            "timeouts": null
          },
          "sensitive_attributes": [],
          "private": "eyJlMmJmYjczMC1lY2FhLTExZTYtOGY4OC0zNDM2M2JjN2M0YzAiOnsiY3JlYXRlIjoxODAwMDAwMDAwMDAwLCJkZWxldGUiOjE4MDAwMDAwMDAwMDAsInJlYWQiOjMwMDAwMDAwMDAwMCwidXBkYXRlIjoxODAwMDAwMDAwMDAwfX0=",
          "dependencies": [
            "azurerm_network_security_group.nsgram",
            "azurerm_resource_group.rgname",
            "azurerm_subnet.subnetA"
          ]
        }
      ]
    },
    {
      "mode": "managed",
      "type": "azurerm_virtual_network",
      "name": "example",
      "provider": "provider[\"registry.terraform.io/hashicorp/azurerm\"]",
      "instances": [
        {
          "schema_version": 0,
          "attributes": {
            "address_space": [
              "10.0.0.0/16"
            ],
            "bgp_community": "",
            "ddos_protection_plan": [],
            "dns_servers": [],
            "edge_zone": "",
            "flow_timeout_in_minutes": 0,
            "guid": "a51a923a-0e85-4a0b-973b-31e0b7f084b2",
            "id": "/subscriptions/9ea687dd-8c83-4b91-8591-34cb80a6d220/resourceGroups/rg1-ram/providers/Microsoft.Network/virtualNetworks/ram-vnet",
            "location": "southindia",
            "name": "ram-vnet",
            "resource_group_name": "rg1-ram",
            "subnet": [
              {
                "address_prefix": "10.0.1.0/24",
                "id": "/subscriptions/9ea687dd-8c83-4b91-8591-34cb80a6d220/resourceGroups/rg1-ram/providers/Microsoft.Network/virtualNetworks/ram-vnet/subnets/SubnetA",
                "name": "SubnetA",
                "security_group": "/subscriptions/9ea687dd-8c83-4b91-8591-34cb80a6d220/resourceGroups/rg1-ram/providers/Microsoft.Network/networkSecurityGroups/nsg-ram"
              },
              {
                "address_prefix": "10.0.2.0/24",
                "id": "/subscriptions/9ea687dd-8c83-4b91-8591-34cb80a6d220/resourceGroups/rg1-ram/providers/Microsoft.Network/virtualNetworks/ram-vnet/subnets/SubnetB",
                "name": "SubnetB",
                "security_group": ""
              }
            ],
            "tags": {},
            "timeouts": null
          },
          "sensitive_attributes": [],
          "private": "eyJlMmJmYjczMC1lY2FhLTExZTYtOGY4OC0zNDM2M2JjN2M0YzAiOnsiY3JlYXRlIjoxODAwMDAwMDAwMDAwLCJkZWxldGUiOjE4MDAwMDAwMDAwMDAsInJlYWQiOjMwMDAwMDAwMDAwMCwidXBkYXRlIjoxODAwMDAwMDAwMDAwfX0=",
          "dependencies": [
            "azurerm_resource_group.rgname"
          ]
        }
      ]
    }
  ],
  "check_results": []
}
